
Microsoft Visual Studio Solution File, Format Version 12.00
# Visual Studio Version 17
VisualStudioVersion = 17.13.35806.99 d17.13
MinimumVisualStudioVersion = 10.0.40219.1
Project("{F184B08F-C81C-45F6-A57F-5ABD9991F28F}") = "SantriProject", "SantriProject\SantriProject.vbproj", "{8B1F90CE-2DFF-40C9-B0C5-D2B8AAB5C595}"
EndProject
Global
	GlobalSection(SolutionConfigurationPlatforms) = preSolution
		Debug|Any CPU = Debug|Any CPU
		Release|Any CPU = Release|Any CPU
	EndGlobalSection
	GlobalSection(ProjectConfigurationPlatforms) = postSolution
		{8B1F90CE-2DFF-40C9-B0C5-D2B8AAB5C595}.Debug|Any CPU.ActiveCfg = Debug|Any CPU
		{8B1F90CE-2DFF-40C9-B0C5-D2B8AAB5C595}.Debug|Any CPU.Build.0 = Debug|Any CPU
		{8B1F90CE-2DFF-40C9-B0C5-D2B8AAB5C595}.Release|Any CPU.ActiveCfg = Release|Any CPU
		{8B1F90CE-2DFF-40C9-B0C5-D2B8AAB5C595}.Release|Any CPU.Build.0 = Release|Any CPU
	EndGlobalSection
	GlobalSection(SolutionProperties) = preSolution
		HideSolutionNode = FALSE
	EndGlobalSection
	GlobalSection(ExtensibilityGlobals) = postSolution
		SolutionGuid = {A6AC9BA5-580A-44B3-95EE-B0EABBA410D6}
	EndGlobalSection
EndGlobal
